
Microsoft Visual Studio Solution File, Format Version 12.00
# Visual Studio Version 17
VisualStudioVersion = 17.10.35013.160
MinimumVisualStudioVersion = 10.0.40219.1
Project("{2150E333-8FDC-42A3-9474-1A3956D46DE8}") = "Services", "Services", "{6C260378-9336-4B80-BC37-B2243F594E9E}"
EndProject
Project("{2150E333-8FDC-42A3-9474-1A3956D46DE8}") = "Catalog", "Catalog", "{0B970830-DB7A-45AB-AEF2-BEA485B5BAD6}"
EndProject
Project("{FAE04EC0-301F-11D3-BF4B-00C04F79EFBC}") = "Catalog.API", "Services\Catalog\Catalog.API\Catalog.API.csproj", "{4DECCA2A-9FF0-46F2-A66B-0CECB6E1DC16}"
EndProject
Project("{2150E333-8FDC-42A3-9474-1A3956D46DE8}") = "BuildingBlocks", "BuildingBlocks", "{B6E95DE6-EB50-49AC-A8BB-8A99FC56FF81}"
EndProject
Project("{FAE04EC0-301F-11D3-BF4B-00C04F79EFBC}") = "BuildingBlocks", "BuildingBlocks\BuildingBlocks\BuildingBlocks.csproj", "{694177EE-DF59-4CD3-866D-D213067DDC70}"
EndProject
Global
	GlobalSection(SolutionConfigurationPlatforms) = preSolution
		Debug|Any CPU = Debug|Any CPU
		Release|Any CPU = Release|Any CPU
	EndGlobalSection
	GlobalSection(ProjectConfigurationPlatforms) = postSolution
		{4DECCA2A-9FF0-46F2-A66B-0CECB6E1DC16}.Debug|Any CPU.ActiveCfg = Debug|Any CPU
		{4DECCA2A-9FF0-46F2-A66B-0CECB6E1DC16}.Debug|Any CPU.Build.0 = Debug|Any CPU
		{4DECCA2A-9FF0-46F2-A66B-0CECB6E1DC16}.Release|Any CPU.ActiveCfg = Release|Any CPU
		{4DECCA2A-9FF0-46F2-A66B-0CECB6E1DC16}.Release|Any CPU.Build.0 = Release|Any CPU
		{694177EE-DF59-4CD3-866D-D213067DDC70}.Debug|Any CPU.ActiveCfg = Debug|Any CPU
		{694177EE-DF59-4CD3-866D-D213067DDC70}.Debug|Any CPU.Build.0 = Debug|Any CPU
		{694177EE-DF59-4CD3-866D-D213067DDC70}.Release|Any CPU.ActiveCfg = Release|Any CPU
		{694177EE-DF59-4CD3-866D-D213067DDC70}.Release|Any CPU.Build.0 = Release|Any CPU
	EndGlobalSection
	GlobalSection(SolutionProperties) = preSolution
		HideSolutionNode = FALSE
	EndGlobalSection
	GlobalSection(NestedProjects) = preSolution
		{0B970830-DB7A-45AB-AEF2-BEA485B5BAD6} = {6C260378-9336-4B80-BC37-B2243F594E9E}
		{4DECCA2A-9FF0-46F2-A66B-0CECB6E1DC16} = {0B970830-DB7A-45AB-AEF2-BEA485B5BAD6}
		{694177EE-DF59-4CD3-866D-D213067DDC70} = {B6E95DE6-EB50-49AC-A8BB-8A99FC56FF81}
	EndGlobalSection
	GlobalSection(ExtensibilityGlobals) = postSolution
		SolutionGuid = {6277860D-2B21-42AC-8BF8-1286B86234D0}
	EndGlobalSection
EndGlobal
